
Microsoft Visual Studio Solution File, Format Version 12.00
# Visual Studio Version 16
VisualStudioVersion = 16.0.32106.194
MinimumVisualStudioVersion = 10.0.40219.1
Project("{FAE04EC0-301F-11D3-BF4B-00C04F79EFBC}") = "Assignment1", "Assignment1\Assignment1.csproj", "{EF9B3DAD-6820-4EAC-A128-F7B6EB3C3FBF}"
EndProject
Project("{FAE04EC0-301F-11D3-BF4B-00C04F79EFBC}") = "Assignment1.Tests", "Assignment1.Tests\Assignment1.Tests.csproj", "{E3267573-D6D7-41B4-9A54-7719F1BEDE6B}"
EndProject
Global
	GlobalSection(SolutionConfigurationPlatforms) = preSolution
		Debug|Any CPU = Debug|Any CPU
		Release|Any CPU = Release|Any CPU
	EndGlobalSection
	GlobalSection(ProjectConfigurationPlatforms) = postSolution
		{EF9B3DAD-6820-4EAC-A128-F7B6EB3C3FBF}.Debug|Any CPU.ActiveCfg = Debug|Any CPU
		{EF9B3DAD-6820-4EAC-A128-F7B6EB3C3FBF}.Debug|Any CPU.Build.0 = Debug|Any CPU
		{EF9B3DAD-6820-4EAC-A128-F7B6EB3C3FBF}.Release|Any CPU.ActiveCfg = Release|Any CPU
		{EF9B3DAD-6820-4EAC-A128-F7B6EB3C3FBF}.Release|Any CPU.Build.0 = Release|Any CPU
		{E3267573-D6D7-41B4-9A54-7719F1BEDE6B}.Debug|Any CPU.ActiveCfg = Debug|Any CPU
		{E3267573-D6D7-41B4-9A54-7719F1BEDE6B}.Debug|Any CPU.Build.0 = Debug|Any CPU
		{E3267573-D6D7-41B4-9A54-7719F1BEDE6B}.Release|Any CPU.ActiveCfg = Release|Any CPU
		{E3267573-D6D7-41B4-9A54-7719F1BEDE6B}.Release|Any CPU.Build.0 = Release|Any CPU
	EndGlobalSection
	GlobalSection(SolutionProperties) = preSolution
		HideSolutionNode = FALSE
	EndGlobalSection
	GlobalSection(ExtensibilityGlobals) = postSolution
		SolutionGuid = {7A4933B9-A040-495F-BE6E-DBB2423BBE0C}
	EndGlobalSection
EndGlobal
